{
  "nodes": {
    "nixpkgs": {
      "locked": {
        "lastModified": 1767032786,
        "narHash": "sha256-/X2G7V/gFBbdElPMVaSeYQH9YCB4V8d2Fx4MdeF+kig=",
        "owner": "NixOS",
        "repo": "nixpkgs",
        "rev": "2acf83b5c0ac505eef937d7e4b23f4846f03c4fb",
        "type": "github"
      },
      "original": {
        "owner": "NixOS",
        "ref": "master",
        "repo": "nixpkgs",
        "type": "github"
      }
    },
    "root": {
      "inputs": {
        "nixpkgs": "nixpkgs"
      }
    }
  },
  "root": "root",
  "version": 7
}
